PODS:
  - youtube-ios-player-helper (1.0.4)

DEPENDENCIES:
  - youtube-ios-player-helper

SPEC REPOS:
  trunk:
    - youtube-ios-player-helper

SPEC CHECKSUMS:
  youtube-ios-player-helper: e9b97535e816db3152179d84d999bc1807ecd689

PODFILE CHECKSUM: 860725015ae8b67f9f75a246bbb3a3c82822ec2b

COCOAPODS: 1.11.3
