{
  "pins" : [
    {
      "identity" : "facebook-ios-sdk",
      "kind" : "remoteSourceControl",
      "location" : "https://github.com/facebook/facebook-ios-sdk",
      "state" : {
        "branch" : "main",
        "revision" : "aaee107d159e4d3171da5a5e7fb8da813790f6dc"
      }
    }
  ],
  "version" : 2
}
